{
  "name": "personal-finance-tracker",
  "version": "0.0.0",
  "lockfileVersion": 3,
  "requires": true,
  "packages": {
    "": {
      "name": "personal-finance-tracker",
      "version": "0.0.0",
      "private": true,
      "dependencies": {
        "react": "^18.2.0",
        "react-dom": "^18.2.0",
        "react-router-dom": "^6.22.3",
        "recharts": "^2.12.3"
      },
      "devDependencies": {
        "@types/react": "^18.2.66",
        "@types/react-dom": "^18.2.22",
        "@vitejs/plugin-react": "^4.2.1",
        "autoprefixer": "^10.4.19",
        "gh-pages": "^6.1.1",
        "postcss": "^8.4.38",
        "tailwindcss": "^3.4.1",
        "typescript": "^5.2.2",
        "vite": "^5.2.0"
      }
    },
    "node_modules/@babel/parser": {
      "version": "7.24.5",
      "resolved": "https://registry.npmjs.org/@babel/parser/-/parser-7.24.5.tgz",
      "integrity": "sha512-rcUUIu2a22mvzuHv2bFWiDxn922tN4aM5cqT4oTgxqKkfbL20X/4C3ggsN2e9h+phy38/j2a9veWOzN+b8t5/A==",
      "license": "MIT",
      "bin": {
        "parser": "bin/babel-parser.js"
      },
      "engines": {
        "node": ">=6.0.0"
      }
    },
    "node_modules/@types/node": {
      "version": "20.12.12",
      "resolved": "https://registry.npmjs.org/@types/node/-/node-20.12.12.tgz",
      "integrity": "sha512-eWLDGF/FBEqhfKkcA2So3i5nS2l+k4f6nK21M2Qkzs3+qDd0YKKi0bQKiLw1/8ezhdJjNolpHE1DMKz222dG2Q==",
      "dev": true,
      "license": "MIT",
      "dependencies": {
        "undici-types": "~5.26.4"
      }
    },
    "node_modules/@types/prop-types": {
      "version": "15.7.12",
      "resolved": "https://registry.npmjs.org/@types/prop-types/-/prop-types-15.7.12.tgz",
      "integrity": "sha512-5zvhXYS3icfNlvmqgAB8oV4QkssiNm+N42RkCSNslqG5t454yVnujAtbxn3KbbEaMHDYpdhR3b6I0WcjmdA62g==",
      "dev": true,
      "license": "MIT"
    },
    "node_modules/@types/react": {
      "version": "18.3.2",
      "resolved": "https://registry.npmjs.org/@types/react/-/react-18.3.2.tgz",
      "integrity": "sha512-OUMgnp9f2bC92FQ/QeHqq4p3i5PnMGAkMbDB/1vka3td2i4GkFw24O93u5t7BL3U5VPNoaJ9s++Kq3s22LqmaQ==",
      "dev": true,
      "license": "MIT",
      "dependencies": {
        "@types/prop-types": "*",
        "csstype": "^3.0.2"
      }
    },
    "node_modules/@types/react-dom": {
      "version": "18.3.0",
      "resolved": "https://registry.npmjs.org/@types/react-dom/-/react-dom-18.3.0.tgz",
      "integrity": "sha512-eEtU1sddA2ywiL4hAacT//o7s2EKRV+7bITK0b/LNa9S56N6h5d7IeYj3PZDssvK2SflLpnEIWT2P+G/sXW3sA==",
      "dev": true,
      "license": "MIT",
      "dependencies": {
        "@types/react": "*"
      }
    },
    "node_modules/@vitejs/plugin-react": {
      "version": "4.2.1",
      "resolved": "https://registry.npmjs.org/@vitejs/plugin-react/-/plugin-react-4.2.1.tgz",
      "integrity": "sha512-s25sNXL4oW4pM2dpbRF2DveT0282v9fXP/sCjE292AOMtA5TItv5L5S8piWJtbKnGocoJ5l3f/n8j+c9g0miRA==",
      "dev": true,
      "license": "MIT",
      "dependencies": {
        "@babel/parser": "^7.23.0",
        "@vitejs/plugin-react-swc": "^3.5.0",
        "magic-string": "^0.30.5"
      },
      "engines": {
        "node": ">=18.0.0"
      },
      "peerDependencies": {
        "vite": "^4.4.9 || ^5.0.0"
      },
      "peerDependenciesMeta": {
        "@vitejs/plugin-react-swc": {
          "optional": true
        }
      }
    },
    "node_modules/@vitejs/plugin-react-swc": {
      "version": "3.6.0",
      "resolved": "https://registry.npmjs.org/@vitejs/plugin-react-swc/-/plugin-react-swc-3.6.0.tgz",
      "integrity": "sha512-g1im4d1Q4R5N9L68hF3Y/2b9Yp/AmkMicb6Ubnk4sKz6Al7irlHnK04f2jXnI57K23OnaG2iFv2W3YvD+Qn9g==",
      "dev": true,
      "license": "MIT",
      "optional": true,
      "engines": {
        "node": ">=18.0.0"
      },
      "peerDependencies": {
        "@swc/core": ">=1.3.74",
        "vite": "^4.4.9 || ^5.0.0"
      }
    },
    "node_modules/async": {
      "version": "3.2.5",
      "resolved": "https://registry.npmjs.org/async/-/async-3.2.5.tgz",
      "integrity": "sha512-ba2Dn5RYd4jCPfnsdX0DUgveMNjQ3G3RTZ86iZ7RITvHAsVpL/ygECGoZx1o6/NoV1y7m20kgrEd+s+WH2Nf/g==",
      "dev": true,
      "license": "MIT"
    },
    "node_modules/autoprefixer": {
      "version": "10.4.19",
      "resolved": "https://registry.npmjs.org/autoprefixer/-/autoprefixer-10.4.19.tgz",
      "integrity": "sha512-sUqL6j+dG1Frk3mqnFBAZzO2kg2bBXO7GGd/22B6a+YpAm4a9SlkK9+32v2zG+iMG8oRk4r1yVb8y+tLmxm3Bg==",
      "dev": true,
      "funding": [
        {
          "type": "opencollective",
          "url": "https://opencollective.com/browserslist"
        },
        {
          "type": "tidelift",
          "url": "https://tidelift.com/funding/github/npm/autoprefixer"
        },
        {
          "type": "github",
          "url": "https://github.com/sponsors/ai"
        }
      ],
      "license": "MIT",
      "bin": {
        "autoprefixer": "bin/autoprefixer"
      },
      "dependencies": {
        "browserslist": "^4.23.0",
        "caniuse-lite": "^1.0.30001602",
        "lilconfig": "^2.1.0",
        "postcss": "^8.4.38",
        "postcss-value-parser": "^4.2.0"
      },
      "engines": {
        "node": "^10 || ^12 || >=14"
      }
    },
    "node_modules/braces": {
      "version": "3.0.2",
      "resolved": "https://registry.npmjs.org/braces/-/braces-3.0.2.tgz",
      "integrity": "sha512-b8um+L1RzM3WDSzvhm6gIz1yfTbBt6YTlcEKAvsmLwhUxso52vWpn6iSSxSPKMPAh2aCes2NMWJzIEowckNh4A==",
      "dev": true,
      "license": "MIT",
      "dependencies": {
        "fill-range": "^7.0.1"
      },
      "engines": {
        "node": ">=8"
      }
    },
    "node_modules/browserslist": {
      "version": "4.23.0",
      "resolved": "https://registry.npmjs.org/browserslist/-/browserslist-4.23.0.tgz",
      "integrity": "sha512-v9E/4/FaywP1+1T5de6K4ad5Jb2c3+ffs3w/o2fKmCkC3v3NIb2Uo7TwhP8bFoU4XqxxY3s4WoJ+3e28+FFKew==",
      "dev": true,
      "funding": [
        {
          "type": "opencollective",
          "url": "https://opencollective.com/browserslist"
        },
        {
          "type": "tidelift",
          "url": "https://tidelift.com/funding/github/npm/browserslist"
        },
        {
          "type": "github",
          "url": "https://github.com/sponsors/ai"
        }
      ],
      "license": "MIT",
      "bin": {
        "browserslist": "cli.js"
      },
      "dependencies": {
        "caniuse-lite": "^1.0.30001602",
        "electron-to-chromium": "^1.4.773",
        "node-releases": "^2.0.14",
        "update-browserslist-db": "^1.0.13"
      },
      "engines": {
        "node": "^10 || ^12 || >=14"
      }
    },
    "node_modules/caniuse-lite": {
      "version": "1.0.30001614",
      "resolved": "https://registry.npmjs.org/caniuse-lite/-/caniuse-lite-1.0.30001614.tgz",
      "integrity": "sha512-eA/W9x713P6NCl+2lXzLhrXkFw2J5nHTK1mS16T0yK43nMAUGwA02K4yOswV34s2S4J0d4qY+9s+21+R/17cWA==",
      "dev": true,
      "funding": [
        {
          "type": "opencollective",
          "url": "https://opencollective.com/browserslist"
        },
        {
          "type": "tidelift",
          "url": "https://tidelift.com/funding/github/npm/caniuse-lite"
        },
        {
          "type": "github",
          "url": "https://github.com/sponsors/ai"
        }
      ],
      "license": "CC-BY-4.0"
    },
    "node_modules/commander": {
      "version": "11.1.0",
      "resolved": "https://registry.npmjs.org/commander/-/commander-11.1.0.tgz",
      "integrity": "sha512-yPVavfyCcJkClQnCuWHDFimGuS6IwsIXV3BFsyrN/3h+iGAbdrftk4GNaAbQlGuacAg0V+X9VvAWLWRTMY8rNQ==",
      "dev": true,
      "license": "MIT",
      "engines": {
        "node": ">=16"
      }
    },
    "node_modules/csstype": {
      "version": "3.1.3",
      "resolved": "https://registry.npmjs.org/csstype/-/csstype-3.1.3.tgz",
      "integrity": "sha512-M1uQkMl8rQK/szD0LNhtcwDiFAR9aK6pFR9McFXnb20OK7DCBLTFWVoI3i5l73lY1Q6T1LqA2l/FlGY16jOBgA==",
      "dev": true,
      "license": "MIT"
    },
    "node_modules/d3-shape": {
      "version": "3.2.0",
      "resolved": "https://registry.npmjs.org/d3-shape/-/d3-shape-3.2.0.tgz",
      "integrity": "sha512-h/fPSzB1cyb/nKh7RmS2e9s3HG4e+X4vbv9a1qQy5k5v55eT5I1nBG8h/N2v0y1Xvt2D0c0k4gIba2y0L1WcQ==",
      "license": "BSD-3-Clause",
      "dependencies": {
        "d3-path": "3"
      }
    },
    "node_modules/d3-path": {
      "version": "3.1.0",
      "resolved": "https://registry.npmjs.org/d3-path/-/d3-path-3.1.0.tgz",
      "integrity": "sha512-d04iFpP+smg1nxg2KHdI4Tf0pQ+n/n/x9K2i4R2y5V7+BSEH3JshOPl/h9I7+b2I4wK2I4TMp22UaL0/aA==",
      "license": "BSD-3-Clause"
    },
    "node_modules/didyoumean": {
      "version": "1.2.2",
      "resolved": "https://registry.npmjs.org/didyoumean/-/didyoumean-1.2.2.tgz",
      "integrity": "sha512-qnsG8aT2m1aSU/z16k3yP2ZDAl2aAUP4lrbP+1xzQs1N9v3o4jqvG64T7u/d/5/iGjJ4lu34sQd/B+oDbwubBA==",
      "dev": true,
      "license": "MIT"
    },
    "node_modules/electron-to-chromium": {
      "version": "1.4.793",
      "resolved": "https://registry.npmjs.org/electron-to-chromium/-/electron-to-chromium-1.4.793.tgz",
      "integrity": "sha512-T+03u+7l/55+sNz9vUAfvRz83zG/pEa9v1b6I8jB7f7F1zWJ+k/hG7/aN2MQtqY/N4P4lHj5S9a7E/4zYg9ew==",
      "dev": true,
      "license": "MIT"
    },
    "node_modules/esbuild": {
      "version": "0.20.2",
      "resolved": "https://registry.npmjs.org/esbuild/-/esbuild-0.20.2.tgz",
      "integrity": "sha512-n2p2nS9Qcn8O4ylBdDKt2M947S4c0gqM4kRFY2a9OAUSuXIy/kO3lA854maIJe6exBd5gXm2/Qtxb3+rV+2Dsw==",
      "dev": true,
      "license": "MIT",
      "hasInstallScript": true,
      "bin": {
        "esbuild": "bin/esbuild"
      },
      "engines": {
        "node": ">=12"
      },
      "optionalDependencies": {
        "@esbuild/android-arm": "0.20.2",
        "@esbuild/android-arm64": "0.20.2",
        "@esbuild/android-x64": "0.20.2",
        "@esbuild/darwin-arm64": "0.20.2",
        "@esbuild/darwin-x64": "0.20.2",
        "@esbuild/freebsd-arm64": "0.20.2",
        "@esbuild/freebsd-x64": "0.20.2",
        "@esbuild/linux-arm": "0.20.2",
        "@esbuild/linux-arm64": "0.20.2",
        "@esbuild/linux-ia32": "0.20.2",
        "@esbuild/linux-loong64": "0.20.2",
        "@esbuild/linux-mips64el": "0.20.2",
        "@esbuild/linux-ppc64": "0.20.2",
        "@esbuild/linux-riscv64": "0.20.2",
        "@esbuild/linux-s390x": "0.20.2",
        "@esbuild/linux-x64": "0.20.2",
        "@esbuild/netbsd-x64": "0.20.2",
        "@esbuild/openbsd-x64": "0.20.2",
        "@esbuild/sunos-x64": "0.20.2",
        "@esbuild/win32-arm64": "0.20.2",
        "@esbuild/win32-ia32": "0.20.2",
        "@esbuild/win32-x64": "0.20.2"
      }
    },
    "node_modules/fast-glob": {
      "version": "3.3.2",
      "resolved": "https://registry.npmjs.org/fast-glob/-/fast-glob-3.3.2.tgz",
      "integrity": "sha512-oX2ruAFQwf/Orj8m737Y5adxYy0dss3NaGG2Yvve/bJM2c3wmL2sFfNLsS3bB1k+4c2Tbm32sP2w5fW3lI4wDA==",
      "dev": true,
      "license": "MIT",
      "dependencies": {
        "@nodelib/fs.stat": "^2.0.2",
        "glob-parent": "^5.1.2",
        "micromatch": "^4.0.5",
        "merge2": "^1.3.0"
      },
      "engines": {
        "node": ">=8"
      }
    },
    "node_modules/fill-range": {
      "version": "7.0.1",
      "resolved": "https://registry.npmjs.org/fill-range/-/fill-range-7.0.1.tgz",
      "integrity": "sha512-qOo9F+dMtkC+iCb8vrGVNcGyxwSCZO3A+scH6mTVyfwRYoZdCxcCMvWcHpGTyQDZ1T4gI2B4E6bJPAo3p2AagA==",
      "dev": true,
      "license": "MIT",
      "dependencies": {
        "to-regex-range": "^5.0.1"
      },
      "engines": {
        "node": ">=8"
      }
    },
    "node_modules/fs-extra": {
      "version": "11.2.0",
      "resolved": "https://registry.npmjs.org/fs-extra/-/fs-extra-11.2.0.tgz",
      "integrity": "sha512-PmDi31ACBRsffw/I+wh/2wimVpKT/nAI2LwG6kP23P4dJVP2L3j22Ie4mn8AnKma92T+z/vQ2dJtBw+cT3sXgQ==",
      "dev": true,
      "license": "MIT",
      "dependencies": {
        "graceful-fs": "^4.2.11",
        "jsonfile": "^6.1.0",
        "universalify": "^2.0.1"
      },
      "engines": {
        "node": ">=14.14"
      }
    },
    "node_modules/gh-pages": {
      "version": "6.1.1",
      "resolved": "https://registry.npmjs.org/gh-pages/-/gh-pages-6.1.1.tgz",
      "integrity": "sha512-lP3oP1P4n3g3p3e95u2z08J5yS1P1Q7QG+I84agu+E245s6MQLP+k31o3xXUa6wf0e5jMrp4bM20+Bo5m6tK6Q==",
      "dev": true,
      "license": "MIT",
      "bin": {
        "gh-pages": "bin/gh-pages.js"
      },
      "dependencies": {
        "async": "^3.2.4",
        "commander": "^11.0.0",
        "fs-extra": "^11.1.1",
        "glob": "^10.3.4"
      },
      "engines": {
        "node": ">=18"
      }
    },
    "node_modules/glob": {
      "version": "10.3.10",
      "resolved": "https://registry.npmjs.org/glob/-/glob-10.3.10.tgz",
      "integrity": "sha512-87WA552uI2BibsRk/g9EvmZea54r3dJ4k232eSE+sodwca/oIChcKFIQzS5t3a6zaAmv2dM2xK35sE13i3h2sA==",
      "dev": true,
      "license": "ISC",
      "dependencies": {
        "fs.realpath": "^1.0.0",
        "minimatch": "^9.0.3",
        "path-scurry": "^1.10.1"
      },
      "engines": {
        "node": ">=16 || 14 >=14.17"
      },
      "funding": {
        "url": "https://github.com/sponsors/isaacs"
      }
    },
    "node_modules/glob-parent": {
      "version": "5.1.2",
      "resolved": "https://registry.npmjs.org/glob-parent/-/glob-parent-5.1.2.tgz",
      "integrity": "sha512-AOIgURWqkInfiJzSei1ggzNsJhW5/aMD2YgAwhQJ/3cpdQ6Cn/EkJUkLzGzMXXC6MCd+R/hd+9ifkL3sBYAFNA==",
      "dev": true,
      "license": "ISC",
      "dependencies": {
        "is-glob": "^4.0.1"
      },
      "engines": {
        "node": ">= 6"
      }
    },
    "node_modules/graceful-fs": {
      "version": "4.2.11",
      "resolved": "https://registry.npmjs.org/graceful-fs/-/graceful-fs-4.2.11.tgz",
      "integrity": "sha512-RbJ5/osM8S7QLC03kCNjFRDUt1Vjc3UfXyRxdXuy+ADIJvoU2SMyCgnurA0fbkQSr4VlTs2zdoMegoxpY4e1aQ==",
      "dev": true,
      "license": "ISC"
    },
    "node_modules/is-binary-path": {
      "version": "2.1.0",
      "resolved": "https://registry.npmjs.org/is-binary-path/-/is-binary-path-2.1.0.tgz",
      "integrity": "sha512-Zz/KzD9Me33eA/tD8Y15+tNl5/gB1STiIsEnm/tBLRcs/gI1A33E20cR/nQ5/Lwn3wMKsOh5y4vdsg9Tf/EA+w==",
      "dev": true,
      "license": "MIT",
      "dependencies": {
        "binary-extensions": "^2.0.0"
      },
      "engines": {
        "node": ">=8"
      }
    },
    "node_modules/is-extglob": {
      "version": "2.1.1",
      "resolved": "https://registry.npmjs.org/is-extglob/-/is-extglob-2.1.1.tgz",
      "integrity": "sha512-SbKbANkN603ViZTkEo6QCGB0oVpP9OVIegs2G5t+VR8BvT9J6pD8a9mXjW/y12rYpuMAvsEaM2unw5dx31/2wA==",
      "dev": true,
      "license": "MIT",
      "engines": {
        "node": ">=0.10.0"
      }
    },
    "node_modules/is-glob": {
      "version": "4.0.3",
      "resolved": "https://registry.npmjs.org/is-glob/-/is-glob-4.0.3.tgz",
      "integrity": "sha512-xelSayIuYgC0pqwzFBuhBVCn31e3SJs4b7ME+vCuWvjVv6w4iGgAJt3It2237sO2C/2yzr33We8wECDDdxME6w==",
      "dev": true,
      "license": "MIT",
      "dependencies": {
        "is-extglob": "^2.1.1"
      },
      "engines": {
        "node": ">=0.10.0"
      }
    },
    "node_modules/is-number": {
      "version": "7.0.0",
      "resolved": "https://registry.npmjs.org/is-number/-/is-number-7.0.0.tgz",
      "integrity": "sha512-41Cifkg6e8TylSpdtTpeLVMqvSBEVzTttHvERD741d2sNofxQFBDIFkV2ADSGTjZF5FECnHmGEe8cbgmmScGTg==",
      "dev": true,
      "license": "MIT",
      "engines": {
        "node": ">=0.12.0"
      }
    },
    "node_modules/js-tokens": {
      "version": "4.0.0",
      "resolved": "https://registry.npmjs.org/js-tokens/-/js-tokens-4.0.0.tgz",
      "integrity": "sha512-RdJUflcE3cUzKiMqQgsCu06FPu9UdIJO0beYbPhHN4k6apgJtifcoCtT9bcxOpYBtpD2kCM6Sbzg4CausW/PKQ==",
      "license": "MIT"
    },
    "node_modules/jsonfile": {
      "version": "6.1.0",
      "resolved": "https://registry.npmjs.org/jsonfile/-/jsonfile-6.1.0.tgz",
      "integrity": "sha512-5dgndWOriYSm5cnYaIqu5A657NbIIKLuLCPAIFDs8omjCemXmssbkspONoTTk0-5MerszTpO9Z3ZMSefaLk9Hw==",
      "dev": true,
      "license": "MIT",
      "dependencies": {
        "universalify": "^2.0.0"
      },
      "optionalDependencies": {
        "graceful-fs": "^4.1.6"
      }
    },
    "node_modules/lilconfig": {
      "version": "2.1.0",
      "resolved": "https://registry.npmjs.org/lilconfig/-/lilconfig-2.1.0.tgz",
      "integrity": "sha512-utWOt/GHzuUeC611s7oFu+epWg4OOjp2awB45Ue2hR/m/0o/xt4a02Y2iBe94gas2PfS4sMe15Y8mB5B+g3kFQ==",
      "dev": true,
      "license": "MIT",
      "engines": {
        "node": ">=10"
      }
    },
    "node_modules/loose-envify": {
      "version": "1.4.0",
      "resolved": "https://registry.npmjs.org/loose-envify/-/loose-envify-1.4.0.tgz",
      "integrity": "sha512-lyuxPGr/Wfhrlem2CL/UcnUc1zcqKA3a2bYo0DGW6pkE8wH9cGiGjwlYiV8fx1AxbQtEeAnWOLuIVO9C/sEpaA==",
      "license": "MIT",
      "bin": {
        "loose-envify": "cli.js"
      },
      "dependencies": {
        "js-tokens": "^3.0.0 || ^4.0.0"
      }
    },
    "node_modules/lru-cache": {
      "version": "6.0.0",
      "resolved": "https://registry.npmjs.org/lru-cache/-/lru-cache-6.0.0.tgz",
      "integrity": "sha512-Jo6dJ04CmSjuznwJSS3pUeW4rxdDrUv2at1ICvfUV5WMQsgGysyHYrhDgVl0UT9x80OPHonlwXLwG55I2MYnIg==",
      "license": "ISC",
      "dependencies": {
        "yallist": "^4.0.0"
      },
      "engines": {
        "node": ">=10"
      }
    },
    "node_modules/magic-string": {
      "version": "0.30.10",
      "resolved": "https://registry.npmjs.org/magic-string/-/magic-string-0.30.10.tgz",
      "integrity": "sha512-iWprrHMif6mmxs349H+Ie8hAnG+804T+35a2d7g+wRzT3Wp4h2k8fT9j8+a9y4m2rV656/a/1eFAmdJbN1wQ==",
      "dev": true,
      "license": "MIT",
      "dependencies": {
        "sourcemap-codec": "^1.4.8"
      },
      "engines": {
        "node": ">=16"
      }
    },
    "node_modules/merge2": {
      "version": "1.4.1",
      "resolved": "https://registry.npmjs.org/merge2/-/merge2-1.4.1.tgz",
      "integrity": "sha512-M8Tjqb1xXHF1Gv41qAyI4jQOP3TSU2nJz95iW54/A2p2Yy2jC+lJz5/16y3LSV55KxK4nK6yB0A9sY4bJp5g==",
      "dev": true,
      "license": "MIT",
      "engines": {
        "node": ">= 8"
      }
    },
    "node_modules/micromatch": {
      "version": "4.0.5",
      "resolved": "https://registry.npmjs.org/micromatch/-/micromatch-4.0.5.tgz",
      "integrity": "sha512-DMy+ERcEW2q8Z2S8DjGyXb1fE/so8SSB63ioF+yE72yaOg8cEqfYd80U7/b9Deyt5fsN6fgRMQYzXVgefuIscg==",
      "dev": true,
      "license": "MIT",
      "dependencies": {
        "braces": "^3.0.2",
        "picomatch": "^2.3.1"
      },
      "engines": {
        "node": ">=8.6"
      }
    },
    "node_modules/minimatch": {
      "version": "9.0.4",
      "resolved": "https://registry.npmjs.org/minimatch/-/minimatch-9.0.4.tgz",
      "integrity": "sha512-KqWh+Vchf7NCl4+ZpPS+k0na2sx2x9344243j6aT1sM13dAYn3iB4+TjLueCTDAAm6quVKr2a2iA2n3hR2rp1Q==",
      "dev": true,
      "license": "ISC",
      "dependencies": {
        "brace-expansion": "^2.0.1"
      },
      "engines": {
        "node": ">=16 || 14 >=14.17"
      },
      "funding": {
        "url": "https://github.com/sponsors/isaacs"
      }
    },
    "node_modules/minimatch/node_modules/brace-expansion": {
      "version": "2.0.1",
      "resolved": "https://registry.npmjs.org/brace-expansion/-/brace-expansion-2.0.1.tgz",
      "integrity": "sha512-XnAIvQ8eM+kC6aULx6wuQiwVsnzsi9d3WxzV3FpWTGA19F621kwdbsAcFKXgG+w2oyOMrOBCDiaLvt773yYsvQ==",
      "dev": true,
      "license": "MIT",
      "dependencies": {
        "balanced-match": "^1.0.0"
      }
    },
    "node_modules/minimatch/node_modules/brace-expansion/node_modules/balanced-match": {
      "version": "1.0.2",
      "resolved": "https://registry.npmjs.org/balanced-match/-/balanced-match-1.0.2.tgz",
      "integrity": "sha512-3oSeUO0TMV67hN1AmbXsK4yaqU7tjiHlbxRDZOpH0KW9+CeX4bRAaX0Anxt0tx2b7rAEeJrFgPEuguSOG24NEA==",
      "dev": true,
      "license": "MIT"
    },
    "node_modules/nanoid": {
      "version": "3.3.7",
      "resolved": "https://registry.npmjs.org/nanoid/-/nanoid-3.3.7.tgz",
      "integrity": "sha512-eSPc4yO2+3atwbJoK1UwsfsbP5ItO4ED53/ifdrqDRgF3r9sL1z9B/jLu2/a5g8jDoYb3GvewAnSgq2j/rgU6g==",
      "dev": true,
      "funding": [
        {
          "type": "github",
          "url": "https://github.com/sponsors/ai"
        }
      ],
      "license": "MIT",
      "bin": {
        "nanoid": "bin/nanoid.js"
      },
      "engines": {
        "node": "^10 || ^12 || ^13.7 || ^14 || >=15.0.1"
      }
    },
    "node_modules/node-releases": {
      "version": "2.0.14",
      "resolved": "https://registry.npmjs.org/node-releases/-/node-releases-2.0.14.tgz",
      "integrity": "sha512-yJNz8dM3a+o0JGIAx5Twz28k2eYJLX1aMdIP4G9h2kP3TozED5LfaOrFr2iA2yTFGtqlneGvMpxea8k2sFmXpA==",
      "dev": true,
      "funding": {
        "type": "opencollective",
        "url": "https://opencollective.com/browserslist"
      },
      "license": "MIT"
    },
    "node_modules/path-scurry": {
      "version": "1.11.0",
      "resolved": "https://registry.npmjs.org/path-scurry/-/path-scurry-1.11.0.tgz",
      "integrity": "sha512-fneBv/2ifOcQG8T/REJp4412iOEyL2nRk2TjIq+T3NPHfT8Sj3hS2iB4Sc2+1uFmCdfv3rmgCvrg7fH21x39DA==",
      "dev": true,
      "license": "ISC",
      "dependencies": {
        "lru-cache": "^10.2.0"
      },
      "engines": {
        "node": ">=16 || 14 >=14.17"
      },
      "funding": {
        "url": "https://github.com/sponsors/isaacs"
      }
    },
    "node_modules/path-scurry/node_modules/lru-cache": {
      "version": "10.2.2",
      "resolved": "https://registry.npmjs.org/lru-cache/-/lru-cache-10.2.2.tgz",
      "integrity": "sha512-b5z+21y39l1vFsEe42oI3cv+0xqRru83lVImb3hhL0H4aTnQ7WOv2f6I8PSBCTH2F18+CApIzSgvDkfiOqMP9w==",
      "dev": true,
      "license": "ISC",
      "engines": {
        "node": ">=16"
      },
      "funding": {
        "url": "https://github.com/sponsors/isaacs"
      }
    },
    "node_modules/picocolors": {
      "version": "1.0.0",
      "resolved": "https://registry.npmjs.org/picocolors/-/picocolors-1.0.0.tgz",
      "integrity": "sha512-1fygroBR2KVHHNW+eGb63zP6RFChd9oII4mabKrMyXHrDi5D2PXGoAr6Ivt0AQp6OjViZu53xPO6NcJLwgRW2g==",
      "dev": true,
      "license": "ISC"
    },
    "node_modules/picomatch": {
      "version": "2.3.1",
      "resolved": "https://registry.npmjs.org/picomatch/-/picomatch-2.3.1.tgz",
      "integrity": "sha512-JU3teI6mRUp63Qm7DXUvY3U6E+PYzAD5mYhpWg2S+G+9nB7z/S32r0DkPKeo6s4R20p8g97jBf6bZJK3I3a0gA==",
      "dev": true,
      "license": "MIT",
      "engines": {
        "node": ">=8.6"
      },
      "funding": {
        "url": "https://github.com/sponsors/jonschlinkert"
      }
    },
    "node_modules/postcss": {
      "version": "8.4.38",
      "resolved": "https://registry.npmjs.org/postcss/-/postcss-8.4.38.tgz",
      "integrity": "sha512-W+92nRFJoHTbOIs4h07WjpRzST+Xk4PCmyjEom/9i1/tFj9Em3Ku14WIoAanYp/43aV6YJzX/wlrwE9o7geuWw==",
      "dev": true,
      "funding": [
        {
          "type": "opencollective",
          "url": "https://opencollective.com/postcss/"
        },
        {
          "type": "tidelift",
          "url": "https://tidelift.com/funding/github/npm/postcss"
        },
        {
          "type": "github",
          "url": "https://github.com/sponsors/ai"
        }
      ],
      "license": "MIT",
      "dependencies": {
        "nanoid": "^3.3.7",
        "picocolors": "^1.0.0",
        "source-map-js": "^1.0.2"
      },
      "engines": {
        "node": "^10 || ^12 || >=14"
      }
    },
    "node_modules/postcss-value-parser": {
      "version": "4.2.0",
      "resolved": "https://registry.npmjs.org/postcss-value-parser/-/postcss-value-parser-4.2.0.tgz",
      "integrity": "sha512-1NNCs6uurfkVbeXG4S8JFT9t19m45aif6pQ4pHR2rVmzA4PKMyAakVp1b+SmyrTo162eOkotPoAxMESSAGEgfNMg==",
      "dev": true,
      "license": "MIT"
    },
    "node_modules/react": {
      "version": "18.2.0",
      "resolved": "https://registry.npmjs.org/react/-/react-18.2.0.tgz",
      "integrity": "sha512-/3IjMdbBdnDYiConfigfLcc+sB8rtUFLCbAQe2YtryxRqZ22d4feWjWCKV7/C+sSY4vsNZ2ssKCUythLDvs9+fA==",
      "license": "MIT",
      "dependencies": {
        "loose-envify": "^1.1.0"
      },
      "engines": {
        "node": ">=0.10.0"
      }
    },
    "node_modules/react-dom": {
      "version": "18.2.0",
      "resolved": "https://registry.npmjs.org/react-dom/-/react-dom-18.2.0.tgz",
      "integrity": "sha512-6IMTriUmvsjHUjNtEDudZfuDQUoWzRoClZvEKj/h547Tw0mWCIincwA7oZ6i9VJuBWi7DAHnpCnyEcAU1ne0og==",
      "license": "MIT",
      "dependencies": {
        "loose-envify": "^1.1.0",
        "scheduler": "^0.23.0"
      },
      "peerDependencies": {
        "react": "^18.2.0"
      }
    },
    "node_modules/react-is": {
      "version": "16.13.1",
      "resolved": "https://registry.npmjs.org/react-is/-/react-is-16.13.1.tgz",
      "integrity": "sha512-24e6ynE2H+OKt4kqsOvNd8kBpV65zoxbA4BVsEOB3ARVWQo6q9SgHAC8AIbMK3sb29dnPUFOBN34noopEKr3ew==",
      "license": "MIT"
    },
    "node_modules/react-reconciler": {
      "version": "0.29.0",
      "resolved": "https://registry.npmjs.org/react-reconciler/-/react-reconciler-0.29.0.tgz",
      "integrity": "sha512-P3KbxrA43iZ/q5495OgnU3J4a3pD6y22i/IeReqtGL+Y2XpL2+L1Q1e3j24hJSaWqkggKLS9/rJ98L5/M5x1sw==",
      "license": "MIT",
      "dependencies": {
        "loose-envify": "^1.1.0",
        "object-assign": "^4.1.1"
      },
      "peerDependencies": {
        "react": "18.2.0"
      }
    },
    "node_modules/react-router": {
      "version": "6.23.1",
      "resolved": "https://registry.npmjs.org/react-router/-/react-router-6.23.1.tgz",
      "integrity": "sha512-M/A4m3T2/c8aqS+Ie0sD0o332z3enVSxIefHwGCW4p3tDb+33D21kRStx2D7T7y/fM/o2GrX/uDk5N+4I1qYyA==",
      "license": "MIT",
      "dependencies": {
        "@remix-run/router": "1.16.1"
      },
      "engines": {
        "node": ">=14.0.0"
      },
      "peerDependencies": {
        "react": ">=16.8"
      }
    },
    "node_modules/react-router-dom": {
      "version": "6.23.1",
      "resolved": "https://registry.npmjs.org/react-router-dom/-/react-router-dom-6.23.1.tgz",
      "integrity": "sha512-Xk8f0QpYqllSNDPjXMyuISQ00eP525D+wA07vVz3z6M/0hT2Ld6C//Q3d3wD8q5+hD47Nq3R/lB5hYy1a7fXCA==",
      "license": "MIT",
      "dependencies": {
        "react-router": "6.23.1"
      },
      "engines": {
        "node": ">=14.0.0"
      },
      "peerDependencies": {
        "react": ">=16.8",
        "react-dom": ">=16.8"
      }
    },
    "node_modules/recharts": {
      "version": "2.12.7",
      "resolved": "https://registry.npmjs.org/recharts/-/recharts-2.12.7.tgz",
      "integrity": "sha512-1fWw4N2D9O5Vd0A8/wG1qQjU/qA5VfVnnq2H6539vhjC/A1+yA5v4T6b+tA2qM+Qn6pYpBPSN3X0fQ==",
      "license": "MIT",
      "dependencies": {
        "d3-scale": "^4.0.2",
        "d3-shape": "^3.2.0",
        "react-is": "^16.13.1",
        "react-reconciler": "0.29.0",
        "react-smooth": "^2.0.3",
        "recharts-scale": "^0.5.0",
        "reselect": "4"
      },
      "peerDependencies": {
        "react": "^16.8.0 || ^17.0.0 || ^18.0.0",
        "react-dom": "^16.8.0 || ^17.0.0 || ^18.0.0"
      }
    },
    "node_modules/recharts-scale": {
      "version": "0.5.0",
      "resolved": "https://registry.npmjs.org/recharts-scale/-/recharts-scale-0.5.0.tgz",
      "integrity": "sha512-P1O1Dcrg2pfs2eS1sHdeKjUaSoSt5Vp6TAVsM5+1G+T0Lq0w/4+zQj3mP8rIq33M4n/2tHNAo/1Nf+3A9Xqj+g==",
      "license": "MIT",
      "dependencies": {
        "d3-scale": "^2.0.0"
      }
    },
    "node_modules/recharts-scale/node_modules/d3-scale": {
      "version": "2.2.2",
      "resolved": "https://registry.npmjs.org/d3-scale/-/d3-scale-2.2.2.tgz",
      "integrity": "sha512-Ir9j20+o1LpGrQ+kF8h+X2F7Wco7ZlT+f9nOtkc5HVEgXRJp2lDdnNzuGfXG0fL+wpqg11m4yP13/s5p+xTg5A==",
      "license": "BSD-3-Clause",
      "dependencies": {
        "d3-array": "2",
        "d3-color": "1",
        "d3-format": "1",
        "d3-interpolate": "1",
        "d3-time": "1",
        "d3-time-format": "2"
      }
    },
    "node_modules/recharts-scale/node_modules/d3-scale/node_modules/d3-array": {
      "version": "2.12.1",
      "resolved": "https://registry.npmjs.org/d3-array/-/d3-array-2.12.1.tgz",
      "integrity": "sha512-iWgL2+N5t/Nl5hFru//eRDU9aYitY/I/M2QzP/W20GuwQJa/NJPLI33h32/yR3L0jV3FjIjlx0oXJd/2iV55PA==",
      "license": "BSD-3-Clause"
    },
    "node_modules/recharts-scale/node_modules/d3-scale/node_modules/d3-color": {
      "version": "1.4.1",
      "resolved": "https://registry.npmjs.org/d3-color/-/d3-color-1.4.1.tgz",
      "integrity": "sha512-o/qU+tV+1X/hOU+P++s/nxxqg/iFnz+AVRT5MWrRhcdW1o3bJtN+Atqf2jQOxW5p7chE5tFw/EYL+A4bX/XIKA==",
      "license": "BSD-3-Clause"
    },
    "node_modules/recharts-scale/node_modules/d3-scale/node_modules/d3-format": {
      "version": "1.4.5",
      "resolved": "https://registry.npmjs.org/d3-format/-/d3-format-1.4.5.tgz",
      "integrity": "sha512-D0GAbNnQhY75D+iK449wTkgwWotT5j47c4T321LgTj882b7+Q6s1S7M/zT9X0I5y8K8tFGuP8mB5+w==",
      "license": "BSD-3-Clause"
    },
    "node_modules/recharts-scale/node_modules/d3-scale/node_modules/d3-interpolate": {
      "version": "1.4.0",
      "resolved": "https://registry.npmjs.org/d3-interpolate/-/d3-interpolate-1.4.0.tgz",
      "integrity": "sha512-xXGnBlk2j2iNm6pGkI/MROb1XzQyweIePttUa2TqG10O5vA/5mP+4zL+pG2G2q02m38+z+Sjjh+wV7O2jw+6g==",
      "license": "BSD-3-Clause",
      "dependencies": {
        "d3-color": "1"
      }
    },
    "node_modules/recharts-scale/node_modules/d3-scale/node_modules/d3-time": {
      "version": "1.1.0",
      "resolved": "https://registry.npmjs.org/d3-time/-/d3-time-1.1.0.tgz",
      "integrity": "sha512-s0jGfT5VUYD4vJvV5P+QJj5514P3h+8m43L2s/D83zTOXk7y6hY81q0w3vWHiQPxr/Q22aTqM8qf80YqQ==",
      "license": "BSD-3-Clause"
    },
    "node_modules/recharts-scale/node_modules/d3-scale/node_modules/d3-time-format": {
      "version": "2.3.0",
      "resolved": "https://registry.npmjs.org/d3-time-format/-/d3-time-format-2.3.0.tgz",
      "integrity": "sha512-eTzW9GUw/Q7/74p7I5/vXbVf10/1fVw5M8s2bI2d9jQ760vjJT7Qp3G/DkO/L1g0IuB8gE+jJ2b/x1Og==",
      "license": "BSD-3-Clause",
      "dependencies": {
        "d3-time": "1"
      }
    },
    "node_modules/recharts/node_modules/d3-scale": {
      "version": "4.0.2",
      "resolved": "https://registry.npmjs.org/d3-scale/-/d3-scale-4.0.2.tgz",
      "integrity": "sha512-P3z+EV/LpI8urNnQyP4oVbDjDBJc+yX2z/241y20p/I69B2Mqr0T1o6b0iHn4/yLzL+FAtYKVt3kW8X2bYlRQ==",
      "license": "BSD-3-Clause",
      "dependencies": {
        "d3-array": "3",
        "d3-format": "3",
        "d3-interpolate": "3",
        "d3-time": "3",
        "d3-time-format": "4"
      }
    },
    "node_modules/recharts/node_modules/d3-scale/node_modules/d3-array": {
      "version": "3.2.4",
      "resolved": "https://registry.npmjs.org/d3-array/-/d3-array-3.2.4.tgz",
      "integrity": "sha512-2Ym++34g/T5J/y7z4i9t8l/3h37L3pFWCrx3zPqX629h2aYJLE4P+aVwOADTw2+u/2MhPM8oVw4f3U0G2kRrg==",
      "license": "BSD-3-Clause"
    },
    "node_modules/recharts/node_modules/d3-scale/node_modules/d3-format": {
      "version": "3.1.0",
      "resolved": "https://registry.npmjs.org/d3-format/-/d3-format-3.1.0.tgz",
      "integrity": "sha512-/hYvKMI/T8E9x12Jz+Wqf37yI1I5IeWxPOUoI6oKzfY+n+Xe2P/r+H8g+dZlX1u+oK3zLJBM28h0hCbtI6dRpA==",
      "license": "BSD-3-Clause"
    },
    "node_modules/recharts/node_modules/d3-scale/node_modules/d3-interpolate": {
      "version": "3.0.1",
      "resolved": "https://registry.npmjs.org/d3-interpolate/-/d3-interpolate-3.0.1.tgz",
      "integrity": "sha512-jfo2L1uN3PzL13a9v2o7obX3u23G3L2z+LqzgS2kE0Z0V+K1tWACu+lq/1c4zVi1nJ2F2hU7+t7zxmBpwMpqA==",
      "license": "BSD-3-Clause",
      "dependencies": {
        "d3-color": "3"
      }
    },
    "node_modules/recharts/node_modules/d3-scale/node_modules/d3-interpolate/node_modules/d3-color": {
      "version": "3.1.0",
      "resolved": "https://registry.npmjs.org/d3-color/-/d3-color-3.1.0.tgz",
      "integrity": "sha512-nB4E7d0+h2+2a7M6XLCZp4+0Q0YQ2Zc/6t4FCRUa+gA0+9k4f0wT2hLDEqfL2hV55uF8s53f1A4K8yYwg==",
      "license": "BSD-3-Clause"
    },
    "node_modules/recharts/node_modules/d3-scale/node_modules/d3-time": {
      "version": "3.1.0",
      "resolved": "https://registry.npmjs.org/d3-time/-/d3-time-3.1.0.tgz",
      "integrity": "sha512-3W4mR/1hR6+2s2D6S/8Uoc9u9A24b7h008p/M32jB5B3tH4fS2zrj+WrrMv/2Q7/eSEJHi8/hLh5Vw5eA==",
      "license": "BSD-3-Clause"
    },
    "node_modules/recharts/node_modules/d3-scale/node_modules/d3-time-format": {
      "version": "4.1.0",
      "resolved": "https://registry.npmjs.org/d3-time-format/-/d3-time-format-4.1.0.tgz",
      "integrity": "sha512-F/0M2k8W22yhYx55TJA2QWpE2bTu4n1zFFBEOB/qIeN2yvS3VIt7E3xP4nE+u1+sVewGcFxmbw/Nfs2D6/1/sQ==",
      "license": "BSD-3-Clause",
      "dependencies": {
        "d3-time": "3"
      }
    },
    "node_modules/reselect": {
      "version": "4.1.8",
      "resolved": "https://registry.npmjs.org/reselect/-/reselect-4.1.8.tgz",
      "integrity": "sha512-sP1aGqN1f3nJk0L+QZ0cQ8w6nE8uYatcQGkFhm/YJ+v/bZvtdrBvQx0vAKv7bYraFsa7+SP/4k0hIpx2Yp37+Q==",
      "license": "MIT"
    },
    "node_modules/rollup": {
      "version": "4.17.2",
      "resolved": "https://registry.npmjs.org/rollup/-/rollup-4.17.2.tgz",
      "integrity": "sha512-S9VunO1P2bKjH8W3VNoS2FmU3yWqOrTdt/o5AnJgYv48W+O19E/OMr+vM/7c3N+AUKo/j3kO3b21/hZuv+6xvg==",
      "dev": true,
      "license": "MIT",
      "bin": {
        "rollup": "dist/bin/rollup"
      },
      "engines": {
        "node": ">=18.0.0",
        "npm": ">=8.0.0"
      },
      "optionalDependencies": {
        "fsevents": "~2.3.2"
      }
    },
    "node_modules/rollup/node_modules/fsevents": {
      "version": "2.3.3",
      "resolved": "https://registry.npmjs.org/fsevents/-/fsevents-2.3.3.tgz",
      "integrity": "sha512-5rrqanwR3wZvAZd0RTAmM5I1wA2sZ0rye3kMaUfNv2gd2xMNOKCLzIrtAI7zH1o1+iGgfgK29LGmpuG3Zls3Lw==",
      "dev": true,
      "license": "MIT",
      "optional": true,
      "os": [
        "darwin"
      ],
      "engines": {
        "node": "^8.16.0 || ^10.6.0 || >=11.0.0"
      }
    },
    "node_modules/scheduler": {
      "version": "0.23.0",
      "resolved": "https://registry.npmjs.org/scheduler/-/scheduler-0.23.0.tgz",
      "integrity": "sha512-CtuThmgVfU3E/yiA+dsVoaLTSVO+ceTOYbreMAeTvLrxpd9Hdt/rd+9BKYpxcX2TcsYSOESg3Yak91TfUT2suA==",
      "license": "MIT",
      "dependencies": {
        "loose-envify": "^1.1.0"
      }
    },
    "node_modules/source-map-js": {
      "version": "1.0.2",
      "resolved": "https://registry.npmjs.org/source-map-js/-/source-map-js-1.0.2.tgz",
      "integrity": "sha512-R0XvVJ9WusLiqTCEiGCmICCMplcCkIwwR11mOSD9CR5u+IXYdiseeEuXCVAjS54zP6iwf01zFo1vQuH3SK2sIUQ==",
      "dev": true,
      "license": "BSD-3-Clause",
      "engines": {
        "node": ">=0.10.0"
      }
    },
    "node_modules/sourcemap-codec": {
      "version": "1.4.8",
      "resolved": "https://registry.npmjs.org/sourcemap-codec/-/sourcemap-codec-1.4.8.tgz",
      "integrity": "sha512-9NykojV5UihJet5mPuOrzAk2TjGuhyD60He8GDm+t2G4AzzAN6Q7E/3qZUs/cR3vrIejOY5e2fTzElmfG+gPxg==",
      "dev": true,
      "license": "MIT"
    },
    "node_modules/tailwindcss": {
      "version": "3.4.3",
      "resolved": "https://registry.npmjs.org/tailwindcss/-/tailwindcss-3.4.3.tgz",
      "integrity": "sha512-S+LkF4K255L3L+8IQHAfU2t3v080IMJ3jfj/d32047aC3bhoITR+rNp7gG0lHsh2tGvAenfW1Kz8YxgwZ0t2Tw==",
      "dev": true,
      "license": "MIT",
      "bin": {
        "tailwind": "lib/cli.js",
        "tailwindcss": "lib/cli.js"
      },
      "dependencies": {
        "didyoumean": "^1.2.2",
        "fast-glob": "^3.3.2",
        "is-binary-path": "^2.1.0",
        "lilconfig": "^2.1.0",
        "object-hash": "^3.0.0",
        "picocolors": "^1.0.0",
        "postcss": "^8.4.17",
        "postcss-import": "^15.1.0",
        "postcss-js": "^4.0.1",
        "postcss-load-config": "^4.0.2",
        "postcss-nested": "^6.0.1",
        "postcss-selector-parser": "^6.0.13",
        "resolve": "^1.22.8",
        "sucrase": "^3.34.0"
      },
      "engines": {
        "node": ">=16.14.0"
      }
    },
    "node_modules/to-regex-range": {
      "version": "5.0.1",
      "resolved": "https://registry.npmjs.org/to-regex-range/-/to-regex-range-5.0.1.tgz",
      "integrity": "sha512-652mFvGhDV+GNfgo332cRRJHolvC5DA41Cke55Qtu2bSShALU3wCRahA3sAhu1ymw49vXD8+KW5GgSHpA2f8wA==",
      "dev": true,
      "license": "MIT",
      "dependencies": {
        "is-number": "^7.0.0"
      },
      "engines": {
        "node": ">=8.0"
      }
    },
    "node_modules/typescript": {
      "version": "5.4.5",
      "resolved": "https://registry.npmjs.org/typescript/-/typescript-5.4.5.tgz",
      "integrity": "sha512-vcI4UpRgg81oXqd8ENYLdtX22AORt7BFKc5pcbrdET2dNtmDYllLRdGuoOeEOwVIMIXVRGu1OzTVIfG2dUGVzw==",
      "dev": true,
      "license": "Apache-2.0",
      "bin": {
        "tsc": "bin/tsc",
        "tsserver": "bin/tsserver"
      },
      "engines": {
        "node": ">=14.17"
      }
    },
    "node_modules/undici-types": {
      "version": "5.26.5",
      "resolved": "https://registry.npmjs.org/undici-types/-/undici-types-5.26.5.tgz",
      "integrity": "sha512-JlCMO+ehdEIKqlFxk6IfVoAUVmgz7cU7zD/h9XZ0qzeosSHmUJVOzSQvvYSYWXkFXC+IfLKSIffhv0sVZup6pA==",
      "dev": true,
      "license": "MIT"
    },
    "node_modules/universalify": {
      "version": "2.0.1",
      "resolved": "https://registry.npmjs.org/universalify/-/universalify-2.0.1.tgz",
      "integrity": "sha512-gptHNQghINnc/Vi13UTa1tQqVhdK1bsK3U22Sg2hGvPs2v2I8soSU4FGo+rd4D5x2w08S/b42Ai42zqsAwfXCA==",
      "dev": true,
      "license": "MIT",
      "engines": {
        "node": ">= 10.0.0"
      }
    },
    "node_modules/update-browserslist-db": {
      "version": "1.0.14",
      "resolved": "https://registry.npmjs.org/update-browserslist-db/-/update-browserslist-db-1.0.14.tgz",
      "integrity": "sha512-Y3Ua7/i4w0UAo9NFhNf0jT5H1k218xDVOKv5BqT9w0Y1s2P+BI09XhMpf2fIcFp57T5yv2dNE+ZNZ0E2sLXswg==",
      "dev": true,
      "funding": [
        {
          "type": "opencollective",
          "url": "https://opencollective.com/browserslist"
        },
        {
          "type": "tidelift",
          "url": "https://tidelift.com/funding/github/npm/browserslist"
        }
      ],
      "license": "MIT",
      "bin": {
        "update-browserslist-db": "cli.js"
      },
      "dependencies": {
        "picocolors": "^1.0.0"
      },
      "engines": {
        "node": "^12 || >=14"
      }
    },
    "node_modules/vite": {
      "version": "5.2.11",
      "resolved": "https://registry.npmjs.org/vite/-/vite-5.2.11.tgz",
      "integrity": "sha512-aL3/r2ffXq1pQ1111/P3k52zCQQrRII/vG5bYnB2aXzMMVA4k3L2aTe0k/N4FkbsD//j2qW/b4vo3W2D8H3D1A==",
      "dev": true,
      "license": "MIT",
      "bin": {
        "vite": "bin/vite.js"
      },
      "dependencies": {
        "esbuild": "^0.20.2",
        "postcss": "^8.4.38",
        "rollup": "^4.17.2"
      },
      "engines": {
        "node": ">=18.0.0"
      },
      "funding": {
        "url": "https://github.com/sponsors/yyx990803"
      },
      "optionalDependencies": {
        "fsevents": "~2.3.2"
      },
      "peerDependencies": {
        "@types/node": ">=18.0.0",
        "lightningcss": "^1.21.0",
        "sass": "*",
        "terser": "^5.4.0"
      },
      "peerDependenciesMeta": {
        "@types/node": {
          "optional": true
        },
        "lightningcss": {
          "optional": true
        },
        "sass": {
          "optional": true
        },
        "terser": {
          "optional": true
        }
      }
    },
    "node_modules/vite/node_modules/fsevents": {
      "version": "2.3.3",
      "resolved": "https://registry.npmjs.org/fsevents/-/fsevents-2.3.3.tgz",
      "integrity": "sha512-5rrqanwR3wZvAZd0RTAmM5I1wA2sZ0rye3kMaUfNv2gd2xMNOKCLzIrtAI7zH1o1+iGgfgK29LGmpuG3Zls3Lw==",
      "dev": true,
      "license": "MIT",
      "optional": true,
      "os": [
        "darwin"
      ],
      "engines": {
        "node": "^8.16.0 || ^10.6.0 || >=11.0.0"
      }
    },
    "node_modules/yallist": {
      "version": "4.0.0",
      "resolved": "https://registry.npmjs.org/yallist/-/yallist-4.0.0.tgz",
      "integrity": "sha512-3wdGidZyq5PAVfl+fL5uWUBdIH8PIS2RUqQcbdrSFSc6vEkCtdF+evAmQ8Bs3dbcD3gmT6RYxU62itWcR7Oodw==",
      "license": "ISC"
    }
  }
}
